dependencies:
- name: nats
  repository: https://charts.bitnami.com/bitnami
  version: 6.0.0
- name: redis
  repository: https://charts.bitnami.com/bitnami
  version: 12.7.7
- name: etcd
  repository: https://charts.bitnami.com/bitnami
  version: 5.3.0
digest: sha256:ca3c192bcdd2b4e2a559f112919741bfa8a19d568c7745be20b443154d6fcfa6
generated: "2021-02-24T18:43:20.232950817Z"
